
Microsoft Visual Studio Solution File, Format Version 12.00
# Visual Studio 2013
VisualStudioVersion = 12.0.31101.0
MinimumVisualStudioVersion = 10.0.40219.1
Project("{FAE04EC0-301F-11D3-BF4B-00C04F79EFBC}") = "XsdToPoco", "XsdToPoco\XsdToPoco.csproj", "{5BAEDCAA-8B39-40D4-902E-CBEB404ACE20}"
EndProject
Project("{FAE04EC0-301F-11D3-BF4B-00C04F79EFBC}") = "XsdToCode.Tests", "XsdToCode.Tests\XsdToCode.Tests.csproj", "{B477F092-DAE2-42EB-9B6B-1252996A53F4}"
EndProject
Global
	GlobalSection(SolutionConfigurationPlatforms) = preSolution
		Debug|Any CPU = Debug|Any CPU
		Release|Any CPU = Release|Any CPU
	EndGlobalSection
	GlobalSection(ProjectConfigurationPlatforms) = postSolution
		{5BAEDCAA-8B39-40D4-902E-CBEB404ACE20}.Debug|Any CPU.ActiveCfg = Debug|Any CPU
		{5BAEDCAA-8B39-40D4-902E-CBEB404ACE20}.Debug|Any CPU.Build.0 = Debug|Any CPU
		{5BAEDCAA-8B39-40D4-902E-CBEB404ACE20}.Release|Any CPU.ActiveCfg = Release|Any CPU
		{5BAEDCAA-8B39-40D4-902E-CBEB404ACE20}.Release|Any CPU.Build.0 = Release|Any CPU
		{B477F092-DAE2-42EB-9B6B-1252996A53F4}.Debug|Any CPU.ActiveCfg = Debug|Any CPU
		{B477F092-DAE2-42EB-9B6B-1252996A53F4}.Debug|Any CPU.Build.0 = Debug|Any CPU
		{B477F092-DAE2-42EB-9B6B-1252996A53F4}.Release|Any CPU.ActiveCfg = Release|Any CPU
		{B477F092-DAE2-42EB-9B6B-1252996A53F4}.Release|Any CPU.Build.0 = Release|Any CPU
	EndGlobalSection
	GlobalSection(SolutionProperties) = preSolution
		HideSolutionNode = FALSE
	EndGlobalSection
EndGlobal
